dependencies:
- name: crds
  repository: ""
  version: 0.0.0
- name: kube-state-metrics
  repository: https://prometheus-community.github.io/helm-charts
  version: 5.27.0
- name: prometheus-node-exporter
  repository: https://prometheus-community.github.io/helm-charts
  version: 4.42.0
- name: grafana
  repository: https://grafana.github.io/helm-charts
  version: 8.6.0
- name: prometheus-windows-exporter
  repository: https://prometheus-community.github.io/helm-charts
  version: 0.7.1
digest: sha256:1c2dc58364865b104c9770b027226ba8c1ec0cf665ba30388a8cd3856b5e5aa9
generated: "2024-11-15T20:48:15.697979041Z"
